
Microsoft Visual Studio Solution File, Format Version 12.00
# Visual Studio Version 16
VisualStudioVersion = 16.0.29001.49
MinimumVisualStudioVersion = 10.0.40219.1
Project("{9A19103F-16F7-4668-BE54-9A1E7A4F7556}") = "Lazy.Abp.AreaKit.Domain.Shared", "src\Lazy.Abp.AreaKit.Domain.Shared\Lazy.Abp.AreaKit.Domain.Shared.csproj", "{D64C1577-4929-4B60-939E-96DE1534891A}"
EndProject
Project("{9A19103F-16F7-4668-BE54-9A1E7A4F7556}") = "Lazy.Abp.AreaKit.Domain", "src\Lazy.Abp.AreaKit.Domain\Lazy.Abp.AreaKit.Domain.csproj", "{F2840BC7-0188-4606-9126-DADD0F5ABF7A}"
EndProject
Project("{9A19103F-16F7-4668-BE54-9A1E7A4F7556}") = "Lazy.Abp.AreaKit.Application.Contracts", "src\Lazy.Abp.AreaKit.Application.Contracts\Lazy.Abp.AreaKit.Application.Contracts.csproj", "{BD65D04F-08D5-40C1-8C24-77CA0BACB877}"
EndProject
Project("{9A19103F-16F7-4668-BE54-9A1E7A4F7556}") = "Lazy.Abp.AreaKit.Application", "src\Lazy.Abp.AreaKit.Application\Lazy.Abp.AreaKit.Application.csproj", "{78040F9E-3501-4A40-82DF-00A597710F35}"
EndProject
Project("{2150E333-8FDC-42A3-9474-1A3956D46DE8}") = "src", "src", "{649A3FFA-182F-4E56-9717-E6A9A2BEC545}"
EndProject
Project("{2150E333-8FDC-42A3-9474-1A3956D46DE8}") = "host", "host", "{E400416D-2895-4512-9D17-90681EEC7E0A}"
EndProject
Project("{9A19103F-16F7-4668-BE54-9A1E7A4F7556}") = "Lazy.Abp.AreaKit.EntityFrameworkCore", "src\Lazy.Abp.AreaKit.EntityFrameworkCore\Lazy.Abp.AreaKit.EntityFrameworkCore.csproj", "{0CE86223-D31D-4315-A1F5-87BA3EE1B844}"
EndProject
Project("{9A19103F-16F7-4668-BE54-9A1E7A4F7556}") = "Lazy.Abp.AreaKit.MongoDB", "src\Lazy.Abp.AreaKit.MongoDB\Lazy.Abp.AreaKit.MongoDB.csproj", "{F1C58097-4C08-4D88-8976-6B3389391481}"
EndProject
Project("{9A19103F-16F7-4668-BE54-9A1E7A4F7556}") = "Lazy.Abp.AreaKit.HttpApi", "src\Lazy.Abp.AreaKit.HttpApi\Lazy.Abp.AreaKit.HttpApi.csproj", "{077AA5F8-8B61-420C-A6B5-0150A66FDB34}"
EndProject
Project("{9A19103F-16F7-4668-BE54-9A1E7A4F7556}") = "Lazy.Abp.AreaKit.HttpApi.Client", "src\Lazy.Abp.AreaKit.HttpApi.Client\Lazy.Abp.AreaKit.HttpApi.Client.csproj", "{36E2735F-CEAB-44C8-A6D1-2CDAFF399751}"
EndProject
Project("{9A19103F-16F7-4668-BE54-9A1E7A4F7556}") = "Lazy.Abp.AreaKit.Admin.Application", "src\Lazy.Abp.AreaKit.Admin.Application\Lazy.Abp.AreaKit.Admin.Application.csproj", "{9E70BBBD-30CA-4E3F-8F4C-850D347BE713}"
EndProject
Project("{9A19103F-16F7-4668-BE54-9A1E7A4F7556}") = "Lazy.Abp.AreaKit.Admin.Application.Contracts", "src\Lazy.Abp.AreaKit.Admin.Application.Contracts\Lazy.Abp.AreaKit.Admin.Application.Contracts.csproj", "{3F1429B6-CC85-47D6-A1F3-89B48B80CE4A}"
EndProject
Project("{9A19103F-16F7-4668-BE54-9A1E7A4F7556}") = "Lazy.Abp.AreaKit.Admin.HttpApi", "src\Lazy.Abp.AreaKit.Admin.HttpApi\Lazy.Abp.AreaKit.Admin.HttpApi.csproj", "{E49E8CA7-7C56-4C53-A51F-4C12FBA4CE66}"
EndProject
Project("{9A19103F-16F7-4668-BE54-9A1E7A4F7556}") = "Lazy.Abp.AreaKit.Admin.HttpApi.Client", "src\Lazy.Abp.AreaKit.Admin.HttpApi.Client\Lazy.Abp.AreaKit.Admin.HttpApi.Client.csproj", "{4E3D91B8-2561-45C1-804D-B2240DB3AE86}"
EndProject
Project("{9A19103F-16F7-4668-BE54-9A1E7A4F7556}") = "Lazy.Abp.AreaKit.Web", "src\Lazy.Abp.AreaKit.Web\Lazy.Abp.AreaKit.Web.csproj", "{FFE5BF14-D271-4E9B-BC37-F09504C71CB4}"
EndProject
Project("{9A19103F-16F7-4668-BE54-9A1E7A4F7556}") = "Lazy.Abp.AreaKit.Host.Shared", "host\Lazy.Abp.AreaKit.Host.Shared\Lazy.Abp.AreaKit.Host.Shared.csproj", "{61F6005C-6169-47D2-87EE-F526BEF7E794}"
EndProject
Project("{9A19103F-16F7-4668-BE54-9A1E7A4F7556}") = "Lazy.Abp.AreaKit.Web.Unified", "host\Lazy.Abp.AreaKit.Web.Unified\Lazy.Abp.AreaKit.Web.Unified.csproj", "{362E4753-CA7E-4A19-BC92-C228699B89AB}"
EndProject
Global
	GlobalSection(SolutionConfigurationPlatforms) = preSolution
		Debug|Any CPU = Debug|Any CPU
		Release|Any CPU = Release|Any CPU
	EndGlobalSection
	GlobalSection(ProjectConfigurationPlatforms) = postSolution
		{D64C1577-4929-4B60-939E-96DE1534891A}.Debug|Any CPU.ActiveCfg = Debug|Any CPU
		{D64C1577-4929-4B60-939E-96DE1534891A}.Debug|Any CPU.Build.0 = Debug|Any CPU
		{D64C1577-4929-4B60-939E-96DE1534891A}.Release|Any CPU.ActiveCfg = Release|Any CPU
		{D64C1577-4929-4B60-939E-96DE1534891A}.Release|Any CPU.Build.0 = Release|Any CPU
		{F2840BC7-0188-4606-9126-DADD0F5ABF7A}.Debug|Any CPU.ActiveCfg = Debug|Any CPU
		{F2840BC7-0188-4606-9126-DADD0F5ABF7A}.Debug|Any CPU.Build.0 = Debug|Any CPU
		{F2840BC7-0188-4606-9126-DADD0F5ABF7A}.Release|Any CPU.ActiveCfg = Release|Any CPU
		{F2840BC7-0188-4606-9126-DADD0F5ABF7A}.Release|Any CPU.Build.0 = Release|Any CPU
		{BD65D04F-08D5-40C1-8C24-77CA0BACB877}.Debug|Any CPU.ActiveCfg = Debug|Any CPU
		{BD65D04F-08D5-40C1-8C24-77CA0BACB877}.Debug|Any CPU.Build.0 = Debug|Any CPU
		{BD65D04F-08D5-40C1-8C24-77CA0BACB877}.Release|Any CPU.ActiveCfg = Release|Any CPU
		{BD65D04F-08D5-40C1-8C24-77CA0BACB877}.Release|Any CPU.Build.0 = Release|Any CPU
		{78040F9E-3501-4A40-82DF-00A597710F35}.Debug|Any CPU.ActiveCfg = Debug|Any CPU
		{78040F9E-3501-4A40-82DF-00A597710F35}.Debug|Any CPU.Build.0 = Debug|Any CPU
		{78040F9E-3501-4A40-82DF-00A597710F35}.Release|Any CPU.ActiveCfg = Release|Any CPU
		{78040F9E-3501-4A40-82DF-00A597710F35}.Release|Any CPU.Build.0 = Release|Any CPU
		{0CE86223-D31D-4315-A1F5-87BA3EE1B844}.Debug|Any CPU.ActiveCfg = Debug|Any CPU
		{0CE86223-D31D-4315-A1F5-87BA3EE1B844}.Debug|Any CPU.Build.0 = Debug|Any CPU
		{0CE86223-D31D-4315-A1F5-87BA3EE1B844}.Release|Any CPU.ActiveCfg = Release|Any CPU
		{0CE86223-D31D-4315-A1F5-87BA3EE1B844}.Release|Any CPU.Build.0 = Release|Any CPU
		{F1C58097-4C08-4D88-8976-6B3389391481}.Debug|Any CPU.ActiveCfg = Debug|Any CPU
		{F1C58097-4C08-4D88-8976-6B3389391481}.Debug|Any CPU.Build.0 = Debug|Any CPU
		{F1C58097-4C08-4D88-8976-6B3389391481}.Release|Any CPU.ActiveCfg = Release|Any CPU
		{F1C58097-4C08-4D88-8976-6B3389391481}.Release|Any CPU.Build.0 = Release|Any CPU
		{077AA5F8-8B61-420C-A6B5-0150A66FDB34}.Debug|Any CPU.ActiveCfg = Debug|Any CPU
		{077AA5F8-8B61-420C-A6B5-0150A66FDB34}.Debug|Any CPU.Build.0 = Debug|Any CPU
		{077AA5F8-8B61-420C-A6B5-0150A66FDB34}.Release|Any CPU.ActiveCfg = Release|Any CPU
		{077AA5F8-8B61-420C-A6B5-0150A66FDB34}.Release|Any CPU.Build.0 = Release|Any CPU
		{36E2735F-CEAB-44C8-A6D1-2CDAFF399751}.Debug|Any CPU.ActiveCfg = Debug|Any CPU
		{36E2735F-CEAB-44C8-A6D1-2CDAFF399751}.Debug|Any CPU.Build.0 = Debug|Any CPU
		{36E2735F-CEAB-44C8-A6D1-2CDAFF399751}.Release|Any CPU.ActiveCfg = Release|Any CPU
		{36E2735F-CEAB-44C8-A6D1-2CDAFF399751}.Release|Any CPU.Build.0 = Release|Any CPU
		{9E70BBBD-30CA-4E3F-8F4C-850D347BE713}.Debug|Any CPU.ActiveCfg = Debug|Any CPU
		{9E70BBBD-30CA-4E3F-8F4C-850D347BE713}.Debug|Any CPU.Build.0 = Debug|Any CPU
		{9E70BBBD-30CA-4E3F-8F4C-850D347BE713}.Release|Any CPU.ActiveCfg = Release|Any CPU
		{9E70BBBD-30CA-4E3F-8F4C-850D347BE713}.Release|Any CPU.Build.0 = Release|Any CPU
		{3F1429B6-CC85-47D6-A1F3-89B48B80CE4A}.Debug|Any CPU.ActiveCfg = Debug|Any CPU
		{3F1429B6-CC85-47D6-A1F3-89B48B80CE4A}.Debug|Any CPU.Build.0 = Debug|Any CPU
		{3F1429B6-CC85-47D6-A1F3-89B48B80CE4A}.Release|Any CPU.ActiveCfg = Release|Any CPU
		{3F1429B6-CC85-47D6-A1F3-89B48B80CE4A}.Release|Any CPU.Build.0 = Release|Any CPU
		{E49E8CA7-7C56-4C53-A51F-4C12FBA4CE66}.Debug|Any CPU.ActiveCfg = Debug|Any CPU
		{E49E8CA7-7C56-4C53-A51F-4C12FBA4CE66}.Debug|Any CPU.Build.0 = Debug|Any CPU
		{E49E8CA7-7C56-4C53-A51F-4C12FBA4CE66}.Release|Any CPU.ActiveCfg = Release|Any CPU
		{E49E8CA7-7C56-4C53-A51F-4C12FBA4CE66}.Release|Any CPU.Build.0 = Release|Any CPU
		{4E3D91B8-2561-45C1-804D-B2240DB3AE86}.Debug|Any CPU.ActiveCfg = Debug|Any CPU
		{4E3D91B8-2561-45C1-804D-B2240DB3AE86}.Debug|Any CPU.Build.0 = Debug|Any CPU
		{4E3D91B8-2561-45C1-804D-B2240DB3AE86}.Release|Any CPU.ActiveCfg = Release|Any CPU
		{4E3D91B8-2561-45C1-804D-B2240DB3AE86}.Release|Any CPU.Build.0 = Release|Any CPU
		{FFE5BF14-D271-4E9B-BC37-F09504C71CB4}.Debug|Any CPU.ActiveCfg = Debug|Any CPU
		{FFE5BF14-D271-4E9B-BC37-F09504C71CB4}.Debug|Any CPU.Build.0 = Debug|Any CPU
		{FFE5BF14-D271-4E9B-BC37-F09504C71CB4}.Release|Any CPU.ActiveCfg = Release|Any CPU
		{FFE5BF14-D271-4E9B-BC37-F09504C71CB4}.Release|Any CPU.Build.0 = Release|Any CPU
		{61F6005C-6169-47D2-87EE-F526BEF7E794}.Debug|Any CPU.ActiveCfg = Debug|Any CPU
		{61F6005C-6169-47D2-87EE-F526BEF7E794}.Debug|Any CPU.Build.0 = Debug|Any CPU
		{61F6005C-6169-47D2-87EE-F526BEF7E794}.Release|Any CPU.ActiveCfg = Release|Any CPU
		{61F6005C-6169-47D2-87EE-F526BEF7E794}.Release|Any CPU.Build.0 = Release|Any CPU
		{362E4753-CA7E-4A19-BC92-C228699B89AB}.Debug|Any CPU.ActiveCfg = Debug|Any CPU
		{362E4753-CA7E-4A19-BC92-C228699B89AB}.Debug|Any CPU.Build.0 = Debug|Any CPU
		{362E4753-CA7E-4A19-BC92-C228699B89AB}.Release|Any CPU.ActiveCfg = Release|Any CPU
		{362E4753-CA7E-4A19-BC92-C228699B89AB}.Release|Any CPU.Build.0 = Release|Any CPU
	EndGlobalSection
	GlobalSection(SolutionProperties) = preSolution
		HideSolutionNode = FALSE
	EndGlobalSection
	GlobalSection(NestedProjects) = preSolution
		{D64C1577-4929-4B60-939E-96DE1534891A} = {649A3FFA-182F-4E56-9717-E6A9A2BEC545}
		{F2840BC7-0188-4606-9126-DADD0F5ABF7A} = {649A3FFA-182F-4E56-9717-E6A9A2BEC545}
		{BD65D04F-08D5-40C1-8C24-77CA0BACB877} = {649A3FFA-182F-4E56-9717-E6A9A2BEC545}
		{78040F9E-3501-4A40-82DF-00A597710F35} = {649A3FFA-182F-4E56-9717-E6A9A2BEC545}
		{0CE86223-D31D-4315-A1F5-87BA3EE1B844} = {649A3FFA-182F-4E56-9717-E6A9A2BEC545}
		{F1C58097-4C08-4D88-8976-6B3389391481} = {649A3FFA-182F-4E56-9717-E6A9A2BEC545}
		{077AA5F8-8B61-420C-A6B5-0150A66FDB34} = {649A3FFA-182F-4E56-9717-E6A9A2BEC545}
		{36E2735F-CEAB-44C8-A6D1-2CDAFF399751} = {649A3FFA-182F-4E56-9717-E6A9A2BEC545}
		{9E70BBBD-30CA-4E3F-8F4C-850D347BE713} = {649A3FFA-182F-4E56-9717-E6A9A2BEC545}
		{3F1429B6-CC85-47D6-A1F3-89B48B80CE4A} = {649A3FFA-182F-4E56-9717-E6A9A2BEC545}
		{E49E8CA7-7C56-4C53-A51F-4C12FBA4CE66} = {649A3FFA-182F-4E56-9717-E6A9A2BEC545}
		{4E3D91B8-2561-45C1-804D-B2240DB3AE86} = {649A3FFA-182F-4E56-9717-E6A9A2BEC545}
		{FFE5BF14-D271-4E9B-BC37-F09504C71CB4} = {649A3FFA-182F-4E56-9717-E6A9A2BEC545}
		{61F6005C-6169-47D2-87EE-F526BEF7E794} = {E400416D-2895-4512-9D17-90681EEC7E0A}
		{362E4753-CA7E-4A19-BC92-C228699B89AB} = {E400416D-2895-4512-9D17-90681EEC7E0A}
	EndGlobalSection
	GlobalSection(ExtensibilityGlobals) = postSolution
		SolutionGuid = {4324B3B4-B60B-4E3C-91D8-59576B4E26DD}
	EndGlobalSection
EndGlobal
